// !$*UTF8*$!
{
	archiveVersion = 1;
	classes = {
	};
	objectVersion = 56;
	objects = {

/* Begin PBXBuildFile section */
		2344FCCC2A8E802A0019F678 /* Bilal_MortgageApp.swift in Sources */ = {isa = PBXBuildFile; fileRef = 2344FCCB2A8E802A0019F678 /* Bilal_MortgageApp.swift */; };
		2344FCCE2A8E802A0019F678 /* ContentView.swift in Sources */ = {isa = PBXBuildFile; fileRef = 2344FCCD2A8E802A0019F678 /* ContentView.swift */; };
		2344FCD02A8E802C0019F678 /* Assets.xcassets in Resources */ = {isa = PBXBuildFile; fileRef = 2344FCCF2A8E802C0019F678 /* Assets.xcassets */; };
		2344FCD32A8E802C0019F678 /* Preview Assets.xcassets in Resources */ = {isa = PBXBuildFile; fileRef = 2344FCD22A8E802C0019F678 /* Preview Assets.xcassets */; };
		2344FCDD2A8E802C0019F678 /* Bilal_MortgageTests.swift in Sources */ = {isa = PBXBuildFile; fileRef = 2344FCDC2A8E802C0019F678 /* Bilal_MortgageTests.swift */; };
		2344FCE72A8E802C0019F678 /* Bilal_MortgageUITests.swift in Sources */ = {isa = PBXBuildFile; fileRef = 2344FCE62A8E802C0019F678 /* Bilal_MortgageUITests.swift */; };
		2344FCE92A8E802C0019F678 /* Bilal_MortgageUITestsLaunchTests.swift in Sources */ = {isa = PBXBuildFile; fileRef = 2344FCE82A8E802C0019F678 /* Bilal_MortgageUITestsLaunchTests.swift */; };
		239EB1FC2A8E98CD00B8E9E4 /* Mortgage.swift in Sources */ = {isa = PBXBuildFile; fileRef = 239EB1FB2A8E98CC00B8E9E4 /* Mortgage.swift */; };
/* End PBXBuildFile section */

/* Begin PBXContainerItemProxy section */
		2344FCD92A8E802C0019F678 /* PBXContainerItemProxy */ = {
			isa = PBXContainerItemProxy;
			containerPortal = 2344FCC02A8E802A0019F678 /* Project object */;
			proxyType = 1;
			remoteGlobalIDString = 2344FCC72A8E802A0019F678;
			remoteInfo = Bilal_Mortgage;
		};
		2344FCE32A8E802C0019F678 /* PBXContainerItemProxy */ = {
			isa = PBXContainerItemProxy;
			containerPortal = 2344FCC02A8E802A0019F678 /* Project object */;
			proxyType = 1;
			remoteGlobalIDString = 2344FCC72A8E802A0019F678;
			remoteInfo = Bilal_Mortgage;
		};
/* End PBXContainerItemProxy section */

/* Begin PBXFileReference section */
		2344FCC82A8E802A0019F678 /* Bilal_Mortgage.app */ = {isa = PBXFileReference; explicitFileType = wrapper.application; includeInIndex = 0; path = Bilal_Mortgage.app; sourceTree = BUILT_PRODUCTS_DIR; };
		2344FCCB2A8E802A0019F678 /* Bilal_MortgageApp.swift */ = {isa = PBXFileReference; lastKnownFileType = sourcecode.swift; path = Bilal_MortgageApp.swift; sourceTree = "<group>"; };
		2344FCCD2A8E802A0019F678 /* ContentView.swift */ = {isa = PBXFileReference; lastKnownFileType = sourcecode.swift; path = ContentView.swift; sourceTree = "<group>"; };
		2344FCCF2A8E802C0019F678 /* Assets.xcassets */ = {isa = PBXFileReference; lastKnownFileType = folder.assetcatalog; path = Assets.xcassets; sourceTree = "<group>"; };
		2344FCD22A8E802C0019F678 /* Preview Assets.xcassets */ = {isa = PBXFileReference; lastKnownFileType = folder.assetcatalog; path = "Preview Assets.xcassets"; sourceTree = "<group>"; };
		2344FCD82A8E802C0019F678 /* Bilal_MortgageTests.xctest */ = {isa = PBXFileReference; explicitFileType = wrapper.cfbundle; includeInIndex = 0; path = Bilal_MortgageTests.xctest; sourceTree = BUILT_PRODUCTS_DIR; };
		2344FCDC2A8E802C0019F678 /* Bilal_MortgageTests.swift */ = {isa = PBXFileReference; lastKnownFileType = sourcecode.swift; path = Bilal_MortgageTests.swift; sourceTree = "<group>"; };
		2344FCE22A8E802C0019F678 /* Bilal_MortgageUITests.xctest */ = {isa = PBXFileReference; explicitFileType = wrapper.cfbundle; includeInIndex = 0; path = Bilal_MortgageUITests.xctest; sourceTree = BUILT_PRODUCTS_DIR; };
		2344FCE62A8E802C0019F678 /* Bilal_MortgageUITests.swift */ = {isa = PBXFileReference; lastKnownFileType = sourcecode.swift; path = Bilal_MortgageUITests.swift; sourceTree = "<group>"; };
		2344FCE82A8E802C0019F678 /* Bilal_MortgageUITestsLaunchTests.swift */ = {isa = PBXFileReference; lastKnownFileType = sourcecode.swift; path = Bilal_MortgageUITestsLaunchTests.swift; sourceTree = "<group>"; };
		239EB1FB2A8E98CC00B8E9E4 /* Mortgage.swift */ = {isa = PBXFileReference; lastKnownFileType = sourcecode.swift; path = Mortgage.swift; sourceTree = "<group>"; };
/* End PBXFileReference section */

/* Begin PBXFrameworksBuildPhase section */
		2344FCC52A8E802A0019F678 /* Frameworks */ = {
			isa = PBXFrameworksBuildPhase;
			buildActionMask = 2147483647;
			files = (
			);
			runOnlyForDeploymentPostprocessing = 0;
		};
		2344FCD52A8E802C0019F678 /* Frameworks */ = {
			isa = PBXFrameworksBuildPhase;
			buildActionMask = 2147483647;
			files = (
			);
			runOnlyForDeploymentPostprocessing = 0;
		};
		2344FCDF2A8E802C0019F678 /* Frameworks */ = {
			isa = PBXFrameworksBuildPhase;
			buildActionMask = 2147483647;
			files = (
			);
			runOnlyForDeploymentPostprocessing = 0;
		};
/* End PBXFrameworksBuildPhase section */

/* Begin PBXGroup section */
		2344FCBF2A8E802A0019F678 = {
			isa = PBXGroup;
			children = (
				2344FCCA2A8E802A0019F678 /* Bilal_Mortgage */,
				2344FCDB2A8E802C0019F678 /* Bilal_MortgageTests */,
				2344FCE52A8E802C0019F678 /* Bilal_MortgageUITests */,
				2344FCC92A8E802A0019F678 /* Products */,
			);
			sourceTree = "<group>";
		};
		2344FCC92A8E802A0019F678 /* Products */ = {
			isa = PBXGroup;
			children = (
				2344FCC82A8E802A0019F678 /* Bilal_Mortgage.app */,
				2344FCD82A8E802C0019F678 /* Bilal_MortgageTests.xctest */,
				2344FCE22A8E802C0019F678 /* Bilal_MortgageUITests.xctest */,
			);
			name = Products;
			sourceTree = "<group>";
		};
		2344FCCA2A8E802A0019F678 /* Bilal_Mortgage */ = {
			isa = PBXGroup;
			children = (
				239EB1FB2A8E98CC00B8E9E4 /* Mortgage.swift */,
				2344FCCB2A8E802A0019F678 /* Bilal_MortgageApp.swift */,
				2344FCCD2A8E802A0019F678 /* ContentView.swift */,
				2344FCCF2A8E802C0019F678 /* Assets.xcassets */,
				2344FCD12A8E802C0019F678 /* Preview Content */,
			);
			path = Bilal_Mortgage;
			sourceTree = "<group>";
		};
		2344FCD12A8E802C0019F678 /* Preview Content */ = {
			isa = PBXGroup;
			children = (
				2344FCD22A8E802C0019F678 /* Preview Assets.xcassets */,
			);
			path = "Preview Content";
			sourceTree = "<group>";
		};
		2344FCDB2A8E802C0019F678 /* Bilal_MortgageTests */ = {
			isa = PBXGroup;
			children = (
				2344FCDC2A8E802C0019F678 /* Bilal_MortgageTests.swift */,
			);
			path = Bilal_MortgageTests;
			sourceTree = "<group>";
		};
		2344FCE52A8E802C0019F678 /* Bilal_MortgageUITests */ = {
			isa = PBXGroup;
			children = (
				2344FCE62A8E802C0019F678 /* Bilal_MortgageUITests.swift */,
				2344FCE82A8E802C0019F678 /* Bilal_MortgageUITestsLaunchTests.swift */,
			);
			path = Bilal_MortgageUITests;
			sourceTree = "<group>";
		};
/* End PBXGroup section */

/* Begin PBXNativeTarget section */
		2344FCC72A8E802A0019F678 /* Bilal_Mortgage */ = {
			isa = PBXNativeTarget;
			buildConfigurationList = 2344FCEC2A8E802C0019F678 /* Build configuration list for PBXNativeTarget "Bilal_Mortgage" */;
			buildPhases = (
				2344FCC42A8E802A0019F678 /* Sources */,
				2344FCC52A8E802A0019F678 /* Frameworks */,
				2344FCC62A8E802A0019F678 /* Resources */,
			);
			buildRules = (
			);
			dependencies = (
			);
			name = Bilal_Mortgage;
			productName = Bilal_Mortgage;
			productReference = 2344FCC82A8E802A0019F678 /* Bilal_Mortgage.app */;
			productType = "com.apple.product-type.application";
		};
		2344FCD72A8E802C0019F678 /* Bilal_MortgageTests */ = {
			isa = PBXNativeTarget;
			buildConfigurationList = 2344FCEF2A8E802C0019F678 /* Build configuration list for PBXNativeTarget "Bilal_MortgageTests" */;
			buildPhases = (
				2344FCD42A8E802C0019F678 /* Sources */,
				2344FCD52A8E802C0019F678 /* Frameworks */,
				2344FCD62A8E802C0019F678 /* Resources */,
			);
			buildRules = (
			);
			dependencies = (
				2344FCDA2A8E802C0019F678 /* PBXTargetDependency */,
			);
			name = Bilal_MortgageTests;
			productName = Bilal_MortgageTests;
			productReference = 2344FCD82A8E802C0019F678 /* Bilal_MortgageTests.xctest */;
			productType = "com.apple.product-type.bundle.unit-test";
		};
		2344FCE12A8E802C0019F678 /* Bilal_MortgageUITests */ = {
			isa = PBXNativeTarget;
			buildConfigurationList = 2344FCF22A8E802C0019F678 /* Build configuration list for PBXNativeTarget "Bilal_MortgageUITests" */;
			buildPhases = (
				2344FCDE2A8E802C0019F678 /* Sources */,
				2344FCDF2A8E802C0019F678 /* Frameworks */,
				2344FCE02A8E802C0019F678 /* Resources */,
			);
			buildRules = (
			);
			dependencies = (
				2344FCE42A8E802C0019F678 /* PBXTargetDependency */,
			);
			name = Bilal_MortgageUITests;
			productName = Bilal_MortgageUITests;
			productReference = 2344FCE22A8E802C0019F678 /* Bilal_MortgageUITests.xctest */;
			productType = "com.apple.product-type.bundle.ui-testing";
		};
/* End PBXNativeTarget section */

/* Begin PBXProject section */
		2344FCC02A8E802A0019F678 /* Project object */ = {
			isa = PBXProject;
			attributes = {
				BuildIndependentTargetsInParallel = 1;
				LastSwiftUpdateCheck = 1430;
				LastUpgradeCheck = 1430;
				TargetAttributes = {
					2344FCC72A8E802A0019F678 = {
						CreatedOnToolsVersion = 14.3;
					};
					2344FCD72A8E802C0019F678 = {
						CreatedOnToolsVersion = 14.3;
						TestTargetID = 2344FCC72A8E802A0019F678;
					};
					2344FCE12A8E802C0019F678 = {
						CreatedOnToolsVersion = 14.3;
						TestTargetID = 2344FCC72A8E802A0019F678;
					};
				};
			};
			buildConfigurationList = 2344FCC32A8E802A0019F678 /* Build configuration list for PBXProject "Bilal_Mortgage" */;
			compatibilityVersion = "Xcode 14.0";
			developmentRegion = en;
			hasScannedForEncodings = 0;
			knownRegions = (
				en,
				Base,
			);
			mainGroup = 2344FCBF2A8E802A0019F678;
			productRefGroup = 2344FCC92A8E802A0019F678 /* Products */;
			projectDirPath = "";
			projectRoot = "";
			targets = (
				2344FCC72A8E802A0019F678 /* Bilal_Mortgage */,
				2344FCD72A8E802C0019F678 /* Bilal_MortgageTests */,
				2344FCE12A8E802C0019F678 /* Bilal_MortgageUITests */,
			);
		};
/* End PBXProject section */

/* Begin PBXResourcesBuildPhase section */
		2344FCC62A8E802A0019F678 /* Resources */ = {
			isa = PBXResourcesBuildPhase;
			buildActionMask = 2147483647;
			files = (
				2344FCD32A8E802C0019F678 /* Preview Assets.xcassets in Resources */,
				2344FCD02A8E802C0019F678 /* Assets.xcassets in Resources */,
			);
			runOnlyForDeploymentPostprocessing = 0;
		};
		2344FCD62A8E802C0019F678 /* Resources */ = {
			isa = PBXResourcesBuildPhase;
			buildActionMask = 2147483647;
			files = (
			);
			runOnlyForDeploymentPostprocessing = 0;
		};
		2344FCE02A8E802C0019F678 /* Resources */ = {
			isa = PBXResourcesBuildPhase;
			buildActionMask = 2147483647;
			files = (
			);
			runOnlyForDeploymentPostprocessing = 0;
		};
/* End PBXResourcesBuildPhase section */

/* Begin PBXSourcesBuildPhase section */
		2344FCC42A8E802A0019F678 /* Sources */ = {
			isa = PBXSourcesBuildPhase;
			buildActionMask = 2147483647;
			files = (
				2344FCCE2A8E802A0019F678 /* ContentView.swift in Sources */,
				2344FCCC2A8E802A0019F678 /* Bilal_MortgageApp.swift in Sources */,
				239EB1FC2A8E98CD00B8E9E4 /* Mortgage.swift in Sources */,
			);
			runOnlyForDeploymentPostprocessing = 0;
		};
		2344FCD42A8E802C0019F678 /* Sources */ = {
			isa = PBXSourcesBuildPhase;
			buildActionMask = 2147483647;
			files = (
				2344FCDD2A8E802C0019F678 /* Bilal_MortgageTests.swift in Sources */,
			);
			runOnlyForDeploymentPostprocessing = 0;
		};
		2344FCDE2A8E802C0019F678 /* Sources */ = {
			isa = PBXSourcesBuildPhase;
			buildActionMask = 2147483647;
			files = (
				2344FCE72A8E802C0019F678 /* Bilal_MortgageUITests.swift in Sources */,
				2344FCE92A8E802C0019F678 /* Bilal_MortgageUITestsLaunchTests.swift in Sources */,
			);
			runOnlyForDeploymentPostprocessing = 0;
		};
/* End PBXSourcesBuildPhase section */

/* Begin PBXTargetDependency section */
		2344FCDA2A8E802C0019F678 /* PBXTargetDependency */ = {
			isa = PBXTargetDependency;
			target = 2344FCC72A8E802A0019F678 /* Bilal_Mortgage */;
			targetProxy = 2344FCD92A8E802C0019F678 /* PBXContainerItemProxy */;
		};
		2344FCE42A8E802C0019F678 /* PBXTargetDependency */ = {
			isa = PBXTargetDependency;
			target = 2344FCC72A8E802A0019F678 /* Bilal_Mortgage */;
			targetProxy = 2344FCE32A8E802C0019F678 /* PBXContainerItemProxy */;
		};
/* End PBXTargetDependency section */

/* Begin XCBuildConfiguration section */
		2344FCEA2A8E802C0019F678 /* Debug */ = {
			isa = XCBuildConfiguration;
			buildSettings = {
				ALWAYS_SEARCH_USER_PATHS = NO;
				CLANG_ANALYZER_NONNULL = YES;
				CLANG_ANALYZER_NUMBER_OBJECT_CONVERSION = YES_AGGRESSIVE;
				CLANG_CXX_LANGUAGE_STANDARD = "gnu++20";
				CLANG_ENABLE_MODULES = YES;
				CLANG_ENABLE_OBJC_ARC = YES;
				CLANG_ENABLE_OBJC_WEAK = YES;
				CLANG_WARN_BLOCK_CAPTURE_AUTORELEASING = YES;
				CLANG_WARN_BOOL_CONVERSION = YES;
				CLANG_WARN_COMMA = YES;
				CLANG_WARN_CONSTANT_CONVERSION = YES;
				CLANG_WARN_DEPRECATED_OBJC_IMPLEMENTATIONS = YES;
				CLANG_WARN_DIRECT_OBJC_ISA_USAGE = YES_ERROR;
				CLANG_WARN_DOCUMENTATION_COMMENTS = YES;
				CLANG_WARN_EMPTY_BODY = YES;
				CLANG_WARN_ENUM_CONVERSION = YES;
				CLANG_WARN_INFINITE_RECURSION = YES;
				CLANG_WARN_INT_CONVERSION = YES;
				CLANG_WARN_NON_LITERAL_NULL_CONVERSION = YES;
				CLANG_WARN_OBJC_IMPLICIT_RETAIN_SELF = YES;
				CLANG_WARN_OBJC_LITERAL_CONVERSION = YES;
				CLANG_WARN_OBJC_ROOT_CLASS = YES_ERROR;
				CLANG_WARN_QUOTED_INCLUDE_IN_FRAMEWORK_HEADER = YES;
				CLANG_WARN_RANGE_LOOP_ANALYSIS = YES;
				CLANG_WARN_STRICT_PROTOTYPES = YES;
				CLANG_WARN_SUSPICIOUS_MOVE = YES;
				CLANG_WARN_UNGUARDED_AVAILABILITY = YES_AGGRESSIVE;
				CLANG_WARN_UNREACHABLE_CODE = YES;
				CLANG_WARN__DUPLICATE_METHOD_MATCH = YES;
				COPY_PHASE_STRIP = NO;
				DEBUG_INFORMATION_FORMAT = dwarf;
				ENABLE_STRICT_OBJC_MSGSEND = YES;
				ENABLE_TESTABILITY = YES;
				GCC_C_LANGUAGE_STANDARD = gnu11;
				GCC_DYNAMIC_NO_PIC = NO;
				GCC_NO_COMMON_BLOCKS = YES;
				GCC_OPTIMIZATION_LEVEL = 0;
				GCC_PREPROCESSOR_DEFINITIONS = (
					"DEBUG=1",
					"$(inherited)",
				);
				GCC_WARN_64_TO_32_BIT_CONVERSION = YES;
				GCC_WARN_ABOUT_RETURN_TYPE = YES_ERROR;
				GCC_WARN_UNDECLARED_SELECTOR = YES;
				GCC_WARN_UNINITIALIZED_AUTOS = YES_AGGRESSIVE;
				GCC_WARN_UNUSED_FUNCTION = YES;
				GCC_WARN_UNUSED_VARIABLE = YES;
				IPHONEOS_DEPLOYMENT_TARGET = 16.4;
				MTL_ENABLE_DEBUG_INFO = INCLUDE_SOURCE;
				MTL_FAST_MATH = YES;
				ONLY_ACTIVE_ARCH = YES;
				SDKROOT = iphoneos;
				SWIFT_ACTIVE_COMPILATION_CONDITIONS = DEBUG;
				SWIFT_OPTIMIZATION_LEVEL = "-Onone";
			};
			name = Debug;
		};
		2344FCEB2A8E802C0019F678 /* Release */ = {
			isa = XCBuildConfiguration;
			buildSettings = {
				ALWAYS_SEARCH_USER_PATHS = NO;
				CLANG_ANALYZER_NONNULL = YES;
				CLANG_ANALYZER_NUMBER_OBJECT_CONVERSION = YES_AGGRESSIVE;
				CLANG_CXX_LANGUAGE_STANDARD = "gnu++20";
				CLANG_ENABLE_MODULES = YES;
				CLANG_ENABLE_OBJC_ARC = YES;
				CLANG_ENABLE_OBJC_WEAK = YES;
				CLANG_WARN_BLOCK_CAPTURE_AUTORELEASING = YES;
				CLANG_WARN_BOOL_CONVERSION = YES;
				CLANG_WARN_COMMA = YES;
				CLANG_WARN_CONSTANT_CONVERSION = YES;
				CLANG_WARN_DEPRECATED_OBJC_IMPLEMENTATIONS = YES;
				CLANG_WARN_DIRECT_OBJC_ISA_USAGE = YES_ERROR;
				CLANG_WARN_DOCUMENTATION_COMMENTS = YES;
				CLANG_WARN_EMPTY_BODY = YES;
				CLANG_WARN_ENUM_CONVERSION = YES;
				CLANG_WARN_INFINITE_RECURSION = YES;
				CLANG_WARN_INT_CONVERSION = YES;
				CLANG_WARN_NON_LITERAL_NULL_CONVERSION = YES;
				CLANG_WARN_OBJC_IMPLICIT_RETAIN_SELF = YES;
				CLANG_WARN_OBJC_LITERAL_CONVERSION = YES;
				CLANG_WARN_OBJC_ROOT_CLASS = YES_ERROR;
				CLANG_WARN_QUOTED_INCLUDE_IN_FRAMEWORK_HEADER = YES;
				CLANG_WARN_RANGE_LOOP_ANALYSIS = YES;
				CLANG_WARN_STRICT_PROTOTYPES = YES;
				CLANG_WARN_SUSPICIOUS_MOVE = YES;
				CLANG_WARN_UNGUARDED_AVAILABILITY = YES_AGGRESSIVE;
				CLANG_WARN_UNREACHABLE_CODE = YES;
				CLANG_WARN__DUPLICATE_METHOD_MATCH = YES;
				COPY_PHASE_STRIP = NO;
				DEBUG_INFORMATION_FORMAT = "dwarf-with-dsym";
				ENABLE_NS_ASSERTIONS = NO;
				ENABLE_STRICT_OBJC_MSGSEND = YES;
				GCC_C_LANGUAGE_STANDARD = gnu11;
				GCC_NO_COMMON_BLOCKS = YES;
				GCC_WARN_64_TO_32_BIT_CONVERSION = YES;
				GCC_WARN_ABOUT_RETURN_TYPE = YES_ERROR;
				GCC_WARN_UNDECLARED_SELECTOR = YES;
				GCC_WARN_UNINITIALIZED_AUTOS = YES_AGGRESSIVE;
				GCC_WARN_UNUSED_FUNCTION = YES;
				GCC_WARN_UNUSED_VARIABLE = YES;
				IPHONEOS_DEPLOYMENT_TARGET = 16.4;
				MTL_ENABLE_DEBUG_INFO = NO;
				MTL_FAST_MATH = YES;
				SDKROOT = iphoneos;
				SWIFT_COMPILATION_MODE = wholemodule;
				SWIFT_OPTIMIZATION_LEVEL = "-O";
				VALIDATE_PRODUCT = YES;
			};
			name = Release;
		};
		2344FCED2A8E802C0019F678 /* Debug */ = {
			isa = XCBuildConfiguration;
			buildSettings = {
				ASSETCATALOG_COMPILER_APPICON_NAME = AppIcon;
				ASSETCATALOG_COMPILER_GLOBAL_ACCENT_COLOR_NAME = AccentColor;
				CODE_SIGN_STYLE = Automatic;
				CURRENT_PROJECT_VERSION = 1;
				DEVELOPMENT_ASSET_PATHS = "\"Bilal_Mortgage/Preview Content\"";
				DEVELOPMENT_TEAM = GLR9SJ9J4W;
				ENABLE_PREVIEWS = YES;
				GENERATE_INFOPLIST_FILE = YES;
				INFOPLIST_KEY_UIApplicationSceneManifest_Generation = YES;
				INFOPLIST_KEY_UIApplicationSupportsIndirectInputEvents = YES;
				INFOPLIST_KEY_UILaunchScreen_Generation = YES;
				INFOPLIST_KEY_UISupportedInterfaceOrientations_iPad = "UIInterfaceOrientationPortrait UIInterfaceOrientationPortraitUpsideDown UIInterfaceOrientationLandscapeLeft UIInterfaceOrientationLandscapeRight";
				INFOPLIST_KEY_UISupportedInterfaceOrientations_iPhone = "UIInterfaceOrientationPortrait UIInterfaceOrientationLandscapeLeft UIInterfaceOrientationLandscapeRight";
				LD_RUNPATH_SEARCH_PATHS = (
					"$(inherited)",
					"@executable_path/Frameworks",
				);
				MARKETING_VERSION = 1.0;
				PRODUCT_BUNDLE_IDENTIFIER = "com.jk.Bilal-Mortgage";
				PRODUCT_NAME = "$(TARGET_NAME)";
				SWIFT_EMIT_LOC_STRINGS = YES;
				SWIFT_VERSION = 5.0;
				TARGETED_DEVICE_FAMILY = "1,2";
			};
			name = Debug;
		};
		2344FCEE2A8E802C0019F678 /* Release */ = {
			isa = XCBuildConfiguration;
			buildSettings = {
				ASSETCATALOG_COMPILER_APPICON_NAME = AppIcon;
				ASSETCATALOG_COMPILER_GLOBAL_ACCENT_COLOR_NAME = AccentColor;
				CODE_SIGN_STYLE = Automatic;
				CURRENT_PROJECT_VERSION = 1;
				DEVELOPMENT_ASSET_PATHS = "\"Bilal_Mortgage/Preview Content\"";
				DEVELOPMENT_TEAM = GLR9SJ9J4W;
				ENABLE_PREVIEWS = YES;
				GENERATE_INFOPLIST_FILE = YES;
				INFOPLIST_KEY_UIApplicationSceneManifest_Generation = YES;
				INFOPLIST_KEY_UIApplicationSupportsIndirectInputEvents = YES;
				INFOPLIST_KEY_UILaunchScreen_Generation = YES;
				INFOPLIST_KEY_UISupportedInterfaceOrientations_iPad = "UIInterfaceOrientationPortrait UIInterfaceOrientationPortraitUpsideDown UIInterfaceOrientationLandscapeLeft UIInterfaceOrientationLandscapeRight";
				INFOPLIST_KEY_UISupportedInterfaceOrientations_iPhone = "UIInterfaceOrientationPortrait UIInterfaceOrientationLandscapeLeft UIInterfaceOrientationLandscapeRight";
				LD_RUNPATH_SEARCH_PATHS = (
					"$(inherited)",
					"@executable_path/Frameworks",
				);
				MARKETING_VERSION = 1.0;
				PRODUCT_BUNDLE_IDENTIFIER = "com.jk.Bilal-Mortgage";
				PRODUCT_NAME = "$(TARGET_NAME)";
				SWIFT_EMIT_LOC_STRINGS = YES;
				SWIFT_VERSION = 5.0;
				TARGETED_DEVICE_FAMILY = "1,2";
			};
			name = Release;
		};
		2344FCF02A8E802C0019F678 /* Debug */ = {
			isa = XCBuildConfiguration;
			buildSettings = {
				ALWAYS_EMBED_SWIFT_STANDARD_LIBRARIES = YES;
				BUNDLE_LOADER = "$(TEST_HOST)";
				CODE_SIGN_STYLE = Automatic;
				CURRENT_PROJECT_VERSION = 1;
				DEVELOPMENT_TEAM = GLR9SJ9J4W;
				GENERATE_INFOPLIST_FILE = YES;
				IPHONEOS_DEPLOYMENT_TARGET = 16.4;
				MARKETING_VERSION = 1.0;
				PRODUCT_BUNDLE_IDENTIFIER = "com.jk.Bilal-MortgageTests";
				PRODUCT_NAME = "$(TARGET_NAME)";
				SWIFT_EMIT_LOC_STRINGS = NO;
				SWIFT_VERSION = 5.0;
				TARGETED_DEVICE_FAMILY = "1,2";
				TEST_HOST = "$(BUILT_PRODUCTS_DIR)/Bilal_Mortgage.app/$(BUNDLE_EXECUTABLE_FOLDER_PATH)/Bilal_Mortgage";
			};
			name = Debug;
		};
		2344FCF12A8E802C0019F678 /* Release */ = {
			isa = XCBuildConfiguration;
			buildSettings = {
				ALWAYS_EMBED_SWIFT_STANDARD_LIBRARIES = YES;
				BUNDLE_LOADER = "$(TEST_HOST)";
				CODE_SIGN_STYLE = Automatic;
				CURRENT_PROJECT_VERSION = 1;
				DEVELOPMENT_TEAM = GLR9SJ9J4W;
				GENERATE_INFOPLIST_FILE = YES;
				IPHONEOS_DEPLOYMENT_TARGET = 16.4;
				MARKETING_VERSION = 1.0;
				PRODUCT_BUNDLE_IDENTIFIER = "com.jk.Bilal-MortgageTests";
				PRODUCT_NAME = "$(TARGET_NAME)";
				SWIFT_EMIT_LOC_STRINGS = NO;
				SWIFT_VERSION = 5.0;
				TARGETED_DEVICE_FAMILY = "1,2";
				TEST_HOST = "$(BUILT_PRODUCTS_DIR)/Bilal_Mortgage.app/$(BUNDLE_EXECUTABLE_FOLDER_PATH)/Bilal_Mortgage";
			};
			name = Release;
		};
		2344FCF32A8E802C0019F678 /* Debug */ = {
			isa = XCBuildConfiguration;
			buildSettings = {
				ALWAYS_EMBED_SWIFT_STANDARD_LIBRARIES = YES;
				CODE_SIGN_STYLE = Automatic;
				CURRENT_PROJECT_VERSION = 1;
				DEVELOPMENT_TEAM = GLR9SJ9J4W;
				GENERATE_INFOPLIST_FILE = YES;
				MARKETING_VERSION = 1.0;
				PRODUCT_BUNDLE_IDENTIFIER = "com.jk.Bilal-MortgageUITests";
				PRODUCT_NAME = "$(TARGET_NAME)";
				SWIFT_EMIT_LOC_STRINGS = NO;
				SWIFT_VERSION = 5.0;
				TARGETED_DEVICE_FAMILY = "1,2";
				TEST_TARGET_NAME = Bilal_Mortgage;
			};
			name = Debug;
		};
		2344FCF42A8E802C0019F678 /* Release */ = {
			isa = XCBuildConfiguration;
			buildSettings = {
				ALWAYS_EMBED_SWIFT_STANDARD_LIBRARIES = YES;
				CODE_SIGN_STYLE = Automatic;
				CURRENT_PROJECT_VERSION = 1;
				DEVELOPMENT_TEAM = GLR9SJ9J4W;
				GENERATE_INFOPLIST_FILE = YES;
				MARKETING_VERSION = 1.0;
				PRODUCT_BUNDLE_IDENTIFIER = "com.jk.Bilal-MortgageUITests";
				PRODUCT_NAME = "$(TARGET_NAME)";
				SWIFT_EMIT_LOC_STRINGS = NO;
				SWIFT_VERSION = 5.0;
				TARGETED_DEVICE_FAMILY = "1,2";
				TEST_TARGET_NAME = Bilal_Mortgage;
			};
			name = Release;
		};
/* End XCBuildConfiguration section */

/* Begin XCConfigurationList section */
		2344FCC32A8E802A0019F678 /* Build configuration list for PBXProject "Bilal_Mortgage" */ = {
			isa = XCConfigurationList;
			buildConfigurations = (
				2344FCEA2A8E802C0019F678 /* Debug */,
				2344FCEB2A8E802C0019F678 /* Release */,
			);
			defaultConfigurationIsVisible = 0;
			defaultConfigurationName = Release;
		};
		2344FCEC2A8E802C0019F678 /* Build configuration list for PBXNativeTarget "Bilal_Mortgage" */ = {
			isa = XCConfigurationList;
			buildConfigurations = (
				2344FCED2A8E802C0019F678 /* Debug */,
				2344FCEE2A8E802C0019F678 /* Release */,
			);
			defaultConfigurationIsVisible = 0;
			defaultConfigurationName = Release;
		};
		2344FCEF2A8E802C0019F678 /* Build configuration list for PBXNativeTarget "Bilal_MortgageTests" */ = {
			isa = XCConfigurationList;
			buildConfigurations = (
				2344FCF02A8E802C0019F678 /* Debug */,
				2344FCF12A8E802C0019F678 /* Release */,
			);
			defaultConfigurationIsVisible = 0;
			defaultConfigurationName = Release;
		};
		2344FCF22A8E802C0019F678 /* Build configuration list for PBXNativeTarget "Bilal_MortgageUITests" */ = {
			isa = XCConfigurationList;
			buildConfigurations = (
				2344FCF32A8E802C0019F678 /* Debug */,
				2344FCF42A8E802C0019F678 /* Release */,
			);
			defaultConfigurationIsVisible = 0;
			defaultConfigurationName = Release;
		};
/* End XCConfigurationList section */
	};
	rootObject = 2344FCC02A8E802A0019F678 /* Project object */;
}
